
Microsoft Visual Studio Solution File, Format Version 12.00
# Visual Studio Version 17
VisualStudioVersion = 17.1.32414.318
MinimumVisualStudioVersion = 10.0.40219.1
Project("{FAE04EC0-301F-11D3-BF4B-00C04F79EFBC}") = "Commercial_Data_Processing", "Commercial_Data_Processing\Commercial_Data_Processing.csproj", "{858C9070-55A0-4E77-B9BF-7448DB13C8EA}"
EndProject
Project("{FAE04EC0-301F-11D3-BF4B-00C04F79EFBC}") = "Stock_Account_Mangement", "Stock_Account_Mangement\Stock_Account_Mangement.csproj", "{BE988504-2F24-4ADE-9F54-4BC9D0542DFC}"
EndProject
Project("{FAE04EC0-301F-11D3-BF4B-00C04F79EFBC}") = "Inventory_Mangement", "Inventory_Mangement\Inventory_Mangement.csproj", "{6777FB0E-EFA1-4C96-B8FA-3190AB1E54F8}"
EndProject
Project("{FAE04EC0-301F-11D3-BF4B-00C04F79EFBC}") = "Data_Mangement", "Data_Mangement\Data_Mangement.csproj", "{756AD16F-5057-40D7-8E3D-3166A04145BE}"
EndProject
Global
	GlobalSection(SolutionConfigurationPlatforms) = preSolution
		Debug|Any CPU = Debug|Any CPU
		Release|Any CPU = Release|Any CPU
	EndGlobalSection
	GlobalSection(ProjectConfigurationPlatforms) = postSolution
		{858C9070-55A0-4E77-B9BF-7448DB13C8EA}.Debug|Any CPU.ActiveCfg = Debug|Any CPU
		{858C9070-55A0-4E77-B9BF-7448DB13C8EA}.Debug|Any CPU.Build.0 = Debug|Any CPU
		{858C9070-55A0-4E77-B9BF-7448DB13C8EA}.Release|Any CPU.ActiveCfg = Release|Any CPU
		{858C9070-55A0-4E77-B9BF-7448DB13C8EA}.Release|Any CPU.Build.0 = Release|Any CPU
		{BE988504-2F24-4ADE-9F54-4BC9D0542DFC}.Debug|Any CPU.ActiveCfg = Debug|Any CPU
		{BE988504-2F24-4ADE-9F54-4BC9D0542DFC}.Debug|Any CPU.Build.0 = Debug|Any CPU
		{BE988504-2F24-4ADE-9F54-4BC9D0542DFC}.Release|Any CPU.ActiveCfg = Release|Any CPU
		{BE988504-2F24-4ADE-9F54-4BC9D0542DFC}.Release|Any CPU.Build.0 = Release|Any CPU
		{6777FB0E-EFA1-4C96-B8FA-3190AB1E54F8}.Debug|Any CPU.ActiveCfg = Debug|Any CPU
		{6777FB0E-EFA1-4C96-B8FA-3190AB1E54F8}.Debug|Any CPU.Build.0 = Debug|Any CPU
		{6777FB0E-EFA1-4C96-B8FA-3190AB1E54F8}.Release|Any CPU.ActiveCfg = Release|Any CPU
		{6777FB0E-EFA1-4C96-B8FA-3190AB1E54F8}.Release|Any CPU.Build.0 = Release|Any CPU
		{756AD16F-5057-40D7-8E3D-3166A04145BE}.Debug|Any CPU.ActiveCfg = Debug|Any CPU
		{756AD16F-5057-40D7-8E3D-3166A04145BE}.Debug|Any CPU.Build.0 = Debug|Any CPU
		{756AD16F-5057-40D7-8E3D-3166A04145BE}.Release|Any CPU.ActiveCfg = Release|Any CPU
		{756AD16F-5057-40D7-8E3D-3166A04145BE}.Release|Any CPU.Build.0 = Release|Any CPU
	EndGlobalSection
	GlobalSection(SolutionProperties) = preSolution
		HideSolutionNode = FALSE
	EndGlobalSection
	GlobalSection(ExtensibilityGlobals) = postSolution
		SolutionGuid = {46AFD52D-8BE9-42B8-9E2E-13122CB69F75}
	EndGlobalSection
EndGlobal
